PODS:
  - Flutter (1.0.0)
  - medcorder_audio (0.0.1):
    - Flutter
  - simple_permissions (0.0.1):
    - Flutter

DEPENDENCIES:
  - Flutter (from `.symlinks/flutter/ios-release`)
  - medcorder_audio (from `.symlinks/plugins/medcorder_audio/ios`)
  - simple_permissions (from `.symlinks/plugins/simple_permissions/ios`)

EXTERNAL SOURCES:
  Flutter:
    :path: ".symlinks/flutter/ios-release"
  medcorder_audio:
    :path: ".symlinks/plugins/medcorder_audio/ios"
  simple_permissions:
    :path: ".symlinks/plugins/simple_permissions/ios"

SPEC CHECKSUMS:
  Flutter: 9d0fac939486c9aba2809b7982dfdbb47a7b0296
  medcorder_audio: 6ebb435637e90801ab5f60f05f6a679e699a9a6a
  simple_permissions: 41c99fa2cda7c577ee8938763ca67e22b23fb792

PODFILE CHECKSUM: 392a695225479ec66ab171f471d944e1b705a3e8

COCOAPODS: 1.5.3
