PODS:
  - Flutter (1.0.0)
  - medcorder_audio (0.0.1):
    - Flutter

DEPENDENCIES:
  - Flutter (from `/Users/topsoft/flutter/bin/cache/artifacts/engine/ios`)
  - medcorder_audio (from `/Users/topsoft/Documents/PROJECTS/MEDCORDER/flutter_audio/ios`)

EXTERNAL SOURCES:
  Flutter:
    :path: /Users/topsoft/flutter/bin/cache/artifacts/engine/ios
  medcorder_audio:
    :path: /Users/topsoft/Documents/PROJECTS/MEDCORDER/flutter_audio/ios

SPEC CHECKSUMS:
  Flutter: d674e78c937094a75ac71dd77e921e840bea3dbf
  medcorder_audio: 056a3fb38cd3bbe51823b9ac2ddc9bb86eae98b0

PODFILE CHECKSUM: 351e02e34b831289961ec3558a535cbd2c4965d2

COCOAPODS: 1.3.1
